
Microsoft Visual Studio Solution File, Format Version 12.00
# Visual Studio Version 17
VisualStudioVersion = 17.5.33530.505
MinimumVisualStudioVersion = 10.0.40219.1
Project("{FAE04EC0-301F-11D3-BF4B-00C04F79EFBC}") = "Demo.Web", "..\Demo\Demo.Web\Demo.Web.csproj", "{DC377CA6-277B-4E4A-A730-B1F7B409A3F6}"
EndProject
Project("{FAE04EC0-301F-11D3-BF4B-00C04F79EFBC}") = "Demo.Data", "Demo.Data\Demo.Data.csproj", "{69D440AE-061E-4AEF-AE04-5CCCF15014F6}"
EndProject
Global
	GlobalSection(SolutionConfigurationPlatforms) = preSolution
		Debug|Any CPU = Debug|Any CPU
		Release|Any CPU = Release|Any CPU
	EndGlobalSection
	GlobalSection(ProjectConfigurationPlatforms) = postSolution
		{DC377CA6-277B-4E4A-A730-B1F7B409A3F6}.Debug|Any CPU.ActiveCfg = Debug|Any CPU
		{DC377CA6-277B-4E4A-A730-B1F7B409A3F6}.Debug|Any CPU.Build.0 = Debug|Any CPU
		{DC377CA6-277B-4E4A-A730-B1F7B409A3F6}.Release|Any CPU.ActiveCfg = Release|Any CPU
		{DC377CA6-277B-4E4A-A730-B1F7B409A3F6}.Release|Any CPU.Build.0 = Release|Any CPU
		{69D440AE-061E-4AEF-AE04-5CCCF15014F6}.Debug|Any CPU.ActiveCfg = Debug|Any CPU
		{69D440AE-061E-4AEF-AE04-5CCCF15014F6}.Debug|Any CPU.Build.0 = Debug|Any CPU
		{69D440AE-061E-4AEF-AE04-5CCCF15014F6}.Release|Any CPU.ActiveCfg = Release|Any CPU
		{69D440AE-061E-4AEF-AE04-5CCCF15014F6}.Release|Any CPU.Build.0 = Release|Any CPU
	EndGlobalSection
	GlobalSection(SolutionProperties) = preSolution
		HideSolutionNode = FALSE
	EndGlobalSection
	GlobalSection(ExtensibilityGlobals) = postSolution
		SolutionGuid = {1E2767B4-A01E-4549-A26A-3B7EC342C0D1}
	EndGlobalSection
EndGlobal
